
Microsoft Visual Studio Solution File, Format Version 11.00
# Visual Studio 2010
Project("{FAE04EC0-301F-11D3-BF4B-00C04F79EFBC}") = "TMPTestTemplate", "TMPTestTemplate\TMPTestTemplate.csproj", "{49BE1964-17AA-4250-8497-59B7F9ADE815}"
EndProject
Global
	GlobalSection(TeamFoundationVersionControl) = preSolution
		SccNumberOfProjects = 2
		SccEnterpriseProvider = {4CA58AB2-18FA-4F8D-95D4-32DDF27D184C}
		SccTeamFoundationServer = http://srv-denali.tensing.local:8080/
		SccLocalPath0 = .
		SccProjectUniqueName1 = TMPTestTemplate\\TMPTestTemplate.csproj
		SccProjectName1 = TMPTestTemplate
		SccLocalPath1 = TMPTestTemplate
	EndGlobalSection
	GlobalSection(SolutionConfigurationPlatforms) = preSolution
		Debug|Any CPU = Debug|Any CPU
		Release|Any CPU = Release|Any CPU
	EndGlobalSection
	GlobalSection(ProjectConfigurationPlatforms) = postSolution
		{49BE1964-17AA-4250-8497-59B7F9ADE815}.Debug|Any CPU.ActiveCfg = Debug|Any CPU
		{49BE1964-17AA-4250-8497-59B7F9ADE815}.Debug|Any CPU.Build.0 = Debug|Any CPU
		{49BE1964-17AA-4250-8497-59B7F9ADE815}.Release|Any CPU.ActiveCfg = Release|Any CPU
		{49BE1964-17AA-4250-8497-59B7F9ADE815}.Release|Any CPU.Build.0 = Release|Any CPU
	EndGlobalSection
	GlobalSection(SolutionProperties) = preSolution
		HideSolutionNode = FALSE
	EndGlobalSection
EndGlobal
